{
  "name": "cakephp-scid-plugin",
  "version": "1.0.0",
  "lockfileVersion": 1,
  "requires": true,
  "dependencies": {
    "@fortawesome/fontawesome-pro": {
      "version": "5.13.1",
      "resolved": "https://npm.fontawesome.com/@fortawesome/fontawesome-pro/-/5.13.1/fontawesome-pro-5.13.1.tgz",
      "integrity": "sha512-8ENkNq6N4FAaCL8zyi2tt2DuWn/TEFJb9mMU0k1IMRsrIh3eYhe8sQ2F1IDSVSUh9xej36MPzTwEQuBNPkQHdQ=="
    },
    "async-validator": {
      "version": "1.8.5",
      "resolved": "https://registry.npmjs.org/async-validator/-/async-validator-1.8.5.tgz",
      "integrity": "sha512-tXBM+1m056MAX0E8TL2iCjg8WvSyXu0Zc8LNtYqrVeyoL3+esHRZ4SieE9fKQyyU09uONjnMEjrNBMqT0mbvmA==",
      "requires": {
        "babel-runtime": "6.x"
      }
    },
    "babel-helper-vue-jsx-merge-props": {
      "version": "2.0.3",
      "resolved": "https://registry.npmjs.org/babel-helper-vue-jsx-merge-props/-/babel-helper-vue-jsx-merge-props-2.0.3.tgz",
      "integrity": "sha512-gsLiKK7Qrb7zYJNgiXKpXblxbV5ffSwR0f5whkPAaBAR4fhi6bwRZxX9wBlIc5M/v8CCkXUbXZL4N/nSE97cqg=="
    },
    "babel-runtime": {
      "version": "6.26.0",
      "resolved": "https://registry.npmjs.org/babel-runtime/-/babel-runtime-6.26.0.tgz",
      "integrity": "sha1-llxwWGaOgrVde/4E/yM3vItWR/4=",
      "requires": {
        "core-js": "^2.4.0",
        "regenerator-runtime": "^0.11.0"
      }
    },
    "bootstrap": {
      "version": "4.5.0",
      "resolved": "https://registry.npmjs.org/bootstrap/-/bootstrap-4.5.0.tgz",
      "integrity": "sha512-Z93QoXvodoVslA+PWNdk23Hze4RBYIkpb5h8I2HY2Tu2h7A0LpAgLcyrhrSUyo2/Oxm2l1fRZPs1e5hnxnliXA=="
    },
    "bootstrap-duration-picker": {
      "version": "2.1.3",
      "resolved": "https://registry.npmjs.org/bootstrap-duration-picker/-/bootstrap-duration-picker-2.1.3.tgz",
      "integrity": "sha1-vxctw2psm4lQBpYqLYGIwzYPsmU="
    },
    "bootstrap-markdown-editor": {
      "version": "2.2.4",
      "resolved": "https://registry.npmjs.org/bootstrap-markdown-editor/-/bootstrap-markdown-editor-2.2.4.tgz",
      "integrity": "sha1-7th67PqeA+3E5XIztA48ZELfTMo="
    },
    "bootstrap-toggle": {
      "version": "2.2.2",
      "resolved": "https://registry.npmjs.org/bootstrap-toggle/-/bootstrap-toggle-2.2.2.tgz",
      "integrity": "sha1-K4hTT8G5mGdPh3+Yug2LW3Q+lv4="
    },
    "checkboxes.js": {
      "version": "1.2.2",
      "resolved": "https://registry.npmjs.org/checkboxes.js/-/checkboxes.js-1.2.2.tgz",
      "integrity": "sha512-CUloSEI4QEmyy5p+9OKhhu/zqxwwc1XIZtT6Htgplp5YpzPa0h/5h3e3psoso5L2DqpvRUaDNHhuHuQAlCiNrA==",
      "requires": {
        "jquery": "^3.3.1"
      }
    },
    "core-js": {
      "version": "2.6.11",
      "resolved": "https://registry.npmjs.org/core-js/-/core-js-2.6.11.tgz",
      "integrity": "sha512-5wjnpaT/3dV+XB4borEsnAYQchn00XSgTAWKDkEqv+K8KevjbzmofK6hfJ9TZIlpj2N0xQpazy7PiRQiWHqzWg=="
    },
    "datepair.js": {
      "version": "0.4.16",
      "resolved": "https://registry.npmjs.org/datepair.js/-/datepair.js-0.4.16.tgz",
      "integrity": "sha512-inpm1pwjYNSK96uo6cnn3e/HmQlmk/XpAWg/6isu99rXk9SfybrJ6KregEin3A5F3oav0zCw20uG/Y+qC6uwsw=="
    },
    "deepmerge": {
      "version": "1.5.2",
      "resolved": "https://registry.npmjs.org/deepmerge/-/deepmerge-1.5.2.tgz",
      "integrity": "sha512-95k0GDqvBjZavkuvzx/YqVLv/6YYa17fz6ILMSf7neqQITCPbnfEnQvEgMPNjH4kgobe7+WIL0yJEHku+H3qtQ=="
    },
    "element-ui": {
      "version": "2.13.2",
      "resolved": "https://registry.npmjs.org/element-ui/-/element-ui-2.13.2.tgz",
      "integrity": "sha512-r761DRPssMPKDiJZWFlG+4e4vr0cRG/atKr3Eqr8Xi0tQMNbtmYU1QXvFnKiFPFFGkgJ6zS6ASkG+sellcoHlQ==",
      "requires": {
        "async-validator": "~1.8.1",
        "babel-helper-vue-jsx-merge-props": "^2.0.0",
        "deepmerge": "^1.2.0",
        "normalize-wheel": "^1.0.1",
        "resize-observer-polyfill": "^1.5.0",
        "throttle-debounce": "^1.0.1"
      }
    },
    "flatpickr": {
      "version": "4.6.3",
      "resolved": "https://registry.npmjs.org/flatpickr/-/flatpickr-4.6.3.tgz",
      "integrity": "sha512-007VucCkqNOMMb9ggRLNuJowwaJcyOh4sKAFcdGfahfGc7JQbf94zSzjdBq/wVyHWUEs5o3+idhFZ0wbZMRmVQ=="
    },
    "font-awesome": {
      "version": "4.7.0",
      "resolved": "https://registry.npmjs.org/font-awesome/-/font-awesome-4.7.0.tgz",
      "integrity": "sha1-j6jPBBGhoxr9B7BtKQK7n8gVoTM=",
      "optional": true
    },
    "jquery": {
      "version": "3.5.1",
      "resolved": "https://registry.npmjs.org/jquery/-/jquery-3.5.1.tgz",
      "integrity": "sha512-XwIBPqcMn57FxfT+Go5pzySnm4KWkT1Tv7gjrpT1srtf8Weynl6R273VJ5GjkRb51IzMp5nbaPjJXMWeju2MKg=="
    },
    "jquery-awesome-cursor": {
      "version": "0.3.1",
      "resolved": "https://registry.npmjs.org/jquery-awesome-cursor/-/jquery-awesome-cursor-0.3.1.tgz",
      "integrity": "sha1-1pcaMrRiRhC868rAkDsAFWHQXso=",
      "requires": {
        "font-awesome": "4.x"
      }
    },
    "jquery-mask-plugin": {
      "version": "1.14.16",
      "resolved": "https://registry.npmjs.org/jquery-mask-plugin/-/jquery-mask-plugin-1.14.16.tgz",
      "integrity": "sha512-reywdHlYEkPbzWjTpcc1fk9XQ3PLvO5dzEAVqy8zI7NTF22tB1HbeU3iboZTLdkBEPaWAqeI2HtEjsGQ4roZKw=="
    },
    "jquery-ui": {
      "version": "1.12.1",
      "resolved": "https://registry.npmjs.org/jquery-ui/-/jquery-ui-1.12.1.tgz",
      "integrity": "sha1-vLQEXI3QU5wTS8FIjN0+dop6nlE="
    },
    "jsignature": {
      "version": "2.1.3",
      "resolved": "https://registry.npmjs.org/jsignature/-/jsignature-2.1.3.tgz",
      "integrity": "sha512-J1ZXJaU+G5l4X+FDrFHUPoLtu1pmUvUqZj7pmPnDjlN5tbquQPoRJuAKuAkA3lFTa8H68aNOpY9hozZTMp0/xQ=="
    },
    "markitup": {
      "version": "3.0.0-0",
      "resolved": "https://registry.npmjs.org/markitup/-/markitup-3.0.0-0.tgz",
      "integrity": "sha1-0jn84Z5vuioDMIf/0bk7kOmwBX8="
    },
    "normalize-wheel": {
      "version": "1.0.1",
      "resolved": "https://registry.npmjs.org/normalize-wheel/-/normalize-wheel-1.0.1.tgz",
      "integrity": "sha1-rsiGr/2wRQcNhWRH32Ls+GFG7EU="
    },
    "popper.js": {
      "version": "1.16.1",
      "resolved": "https://registry.npmjs.org/popper.js/-/popper.js-1.16.1.tgz",
      "integrity": "sha512-Wb4p1J4zyFTbM+u6WuO4XstYx4Ky9Cewe4DWrel7B0w6VVICvPwdOpotjzcf6eD8TsckVnIMNONQyPIUFOUbCQ=="
    },
    "regenerator-runtime": {
      "version": "0.11.1",
      "resolved": "https://registry.npmjs.org/regenerator-runtime/-/regenerator-runtime-0.11.1.tgz",
      "integrity": "sha512-MguG95oij0fC3QV3URf4V2SDYGJhJnJGqvIIgdECeODCT98wSWDAJ94SSuVpYQUoTcGUIL6L4yNB7j1DFFHSBg=="
    },
    "resize-observer-polyfill": {
      "version": "1.5.1",
      "resolved": "https://registry.npmjs.org/resize-observer-polyfill/-/resize-observer-polyfill-1.5.1.tgz",
      "integrity": "sha512-LwZrotdHOo12nQuZlHEmtuXdqGoOD0OhaxopaNFxWzInpEgaLWoVuAMbTzixuosCx2nEG58ngzW3vxdWoxIgdg=="
    },
    "select2": {
      "version": "4.0.13",
      "resolved": "https://registry.npmjs.org/select2/-/select2-4.0.13.tgz",
      "integrity": "sha512-1JeB87s6oN/TDxQQYCvS5EFoQyvV6eYMZZ0AeA4tdFDYWN3BAGZ8npr17UBFddU0lgAt3H0yjX3X6/ekOj1yjw=="
    },
    "signature_pad": {
      "version": "2.3.2",
      "resolved": "https://registry.npmjs.org/signature_pad/-/signature_pad-2.3.2.tgz",
      "integrity": "sha512-peYXLxOsIY6MES2TrRLDiNg2T++8gGbpP2yaC+6Ohtxr+a2dzoaqWosWDY9sWqTAAk6E/TyQO+LJw9zQwyu5kA=="
    },
    "sticky-sidebar": {
      "version": "3.3.1",
      "resolved": "https://registry.npmjs.org/sticky-sidebar/-/sticky-sidebar-3.3.1.tgz",
      "integrity": "sha1-FCv2tkwrQW5LcH6/jwm4taUEOHc="
    },
    "throttle-debounce": {
      "version": "1.1.0",
      "resolved": "https://registry.npmjs.org/throttle-debounce/-/throttle-debounce-1.1.0.tgz",
      "integrity": "sha512-XH8UiPCQcWNuk2LYePibW/4qL97+ZQ1AN3FNXwZRBNPPowo/NRU5fAlDCSNBJIYCKbioZfuYtMhG4quqoJhVzg=="
    },
    "timepicker": {
      "version": "1.13.11",
      "resolved": "https://registry.npmjs.org/timepicker/-/timepicker-1.13.11.tgz",
      "integrity": "sha512-u2JSdUHSUT1Hhr/AhsuIRwM+wUql9p3uBEJrFR2im4E9bXvLdFevVRdBBborMwpb+ih9hTgT8kIS4zHexkwwUA==",
      "requires": {
        "jquery": ">=1.7"
      }
    },
    "vue": {
      "version": "2.6.11",
      "resolved": "https://registry.npmjs.org/vue/-/vue-2.6.11.tgz",
      "integrity": "sha512-VfPwgcGABbGAue9+sfrD4PuwFar7gPb1yl1UK1MwXoQPAw0BKSqWfoYCT/ThFrdEVWoI51dBuyCoiNU9bZDZxQ=="
    }
  }
}
